# DO NOT EDIT MANUALLY - Managed by Fern Replay
version: "1.0"
generations:
  - commit_sha: 39d2cd93f6c7845b13bbc7cd5505d32507c8492e
    tree_hash: 015ffedd8aea81c8f32bb5aae38dca0714002ba2
    timestamp: 2026-09-10T18:08:53.540Z
    cli_version: unknown
    generator_versions: {}
current_generation: 39d2cd93f6c7845b13bbc7cd5505d32507c8492e
patches: []
